
Microsoft Visual Studio Solution File, Format Version 12.00
# Visual Studio Version 16
VisualStudioVersion = 16.0.31702.278
MinimumVisualStudioVersion = 10.0.40219.1
Project("{FAE04EC0-301F-11D3-BF4B-00C04F79EFBC}") = "cukraszdaForm", "cukraszdaForm\cukraszdaForm.csproj", "{46322B01-ED97-4352-8385-5254709E59F1}"
EndProject
Global
	GlobalSection(SolutionConfigurationPlatforms) = preSolution
		Debug|Any CPU = Debug|Any CPU
		Release|Any CPU = Release|Any CPU
	EndGlobalSection
	GlobalSection(ProjectConfigurationPlatforms) = postSolution
		{46322B01-ED97-4352-8385-5254709E59F1}.Debug|Any CPU.ActiveCfg = Debug|Any CPU
		{46322B01-ED97-4352-8385-5254709E59F1}.Debug|Any CPU.Build.0 = Debug|Any CPU
		{46322B01-ED97-4352-8385-5254709E59F1}.Release|Any CPU.ActiveCfg = Release|Any CPU
		{46322B01-ED97-4352-8385-5254709E59F1}.Release|Any CPU.Build.0 = Release|Any CPU
	EndGlobalSection
	GlobalSection(SolutionProperties) = preSolution
		HideSolutionNode = FALSE
	EndGlobalSection
	GlobalSection(ExtensibilityGlobals) = postSolution
		SolutionGuid = {AD30869A-54AD-4C6A-90C4-EB38BFDA02FF}
	EndGlobalSection
EndGlobal
